
Microsoft Visual Studio Solution File, Format Version 12.00
# Visual Studio 14
VisualStudioVersion = 14.0.25420.1
MinimumVisualStudioVersion = 10.0.40219.1
Project("{8BC9CEB8-8B4A-11D0-8D11-00A0C91BC942}") = "MotionDetect", "MotionDetect\MotionDetect.vcxproj", "{7DFFEF93-2DA5-4491-ACE6-2B13D71A80D2}"
EndProject
Project("{8BC9CEB8-8B4A-11D0-8D11-00A0C91BC942}") = "MovingDotGrouping", "MovingDotGrouping\MovingDotGrouping.vcxproj", "{6F0E79AD-1C1E-4ABE-9113-60DABDDED2DA}"
EndProject
Global
	GlobalSection(SolutionConfigurationPlatforms) = preSolution
		Debug|Win32 = Debug|Win32
		Debug|x64 = Debug|x64
		Release|Win32 = Release|Win32
		Release|x64 = Release|x64
	EndGlobalSection
	GlobalSection(ProjectConfigurationPlatforms) = postSolution
		{7DFFEF93-2DA5-4491-ACE6-2B13D71A80D2}.Debug|Win32.ActiveCfg = Debug|Win32
		{7DFFEF93-2DA5-4491-ACE6-2B13D71A80D2}.Debug|Win32.Build.0 = Debug|Win32
		{7DFFEF93-2DA5-4491-ACE6-2B13D71A80D2}.Debug|x64.ActiveCfg = Debug|x64
		{7DFFEF93-2DA5-4491-ACE6-2B13D71A80D2}.Debug|x64.Build.0 = Debug|x64
		{7DFFEF93-2DA5-4491-ACE6-2B13D71A80D2}.Release|Win32.ActiveCfg = Release|Win32
		{7DFFEF93-2DA5-4491-ACE6-2B13D71A80D2}.Release|Win32.Build.0 = Release|Win32
		{7DFFEF93-2DA5-4491-ACE6-2B13D71A80D2}.Release|x64.ActiveCfg = Release|x64
		{7DFFEF93-2DA5-4491-ACE6-2B13D71A80D2}.Release|x64.Build.0 = Release|x64
		{6F0E79AD-1C1E-4ABE-9113-60DABDDED2DA}.Debug|Win32.ActiveCfg = Debug|Win32
		{6F0E79AD-1C1E-4ABE-9113-60DABDDED2DA}.Debug|Win32.Build.0 = Debug|Win32
		{6F0E79AD-1C1E-4ABE-9113-60DABDDED2DA}.Debug|x64.ActiveCfg = Debug|x64
		{6F0E79AD-1C1E-4ABE-9113-60DABDDED2DA}.Debug|x64.Build.0 = Debug|x64
		{6F0E79AD-1C1E-4ABE-9113-60DABDDED2DA}.Release|Win32.ActiveCfg = Release|Win32
		{6F0E79AD-1C1E-4ABE-9113-60DABDDED2DA}.Release|Win32.Build.0 = Release|Win32
		{6F0E79AD-1C1E-4ABE-9113-60DABDDED2DA}.Release|x64.ActiveCfg = Release|x64
		{6F0E79AD-1C1E-4ABE-9113-60DABDDED2DA}.Release|x64.Build.0 = Release|x64
	EndGlobalSection
	GlobalSection(SolutionProperties) = preSolution
		HideSolutionNode = FALSE
	EndGlobalSection
EndGlobal
